
Microsoft Visual Studio Solution File, Format Version 12.00
# Visual Studio Version 17
VisualStudioVersion = 17.6.33829.357
MinimumVisualStudioVersion = 10.0.40219.1
Project("{FAE04EC0-301F-11D3-BF4B-00C04F79EFBC}") = "Dungeon", "Dungeon.csproj", "{BEB71F9C-2EC8-4F9F-8AFD-15095589017C}"
EndProject
Global
	GlobalSection(SolutionConfigurationPlatforms) = preSolution
		Debug|Any CPU = Debug|Any CPU
		Release|Any CPU = Release|Any CPU
	EndGlobalSection
	GlobalSection(ProjectConfigurationPlatforms) = postSolution
		{BEB71F9C-2EC8-4F9F-8AFD-15095589017C}.Debug|Any CPU.ActiveCfg = Debug|Any CPU
		{BEB71F9C-2EC8-4F9F-8AFD-15095589017C}.Debug|Any CPU.Build.0 = Debug|Any CPU
		{BEB71F9C-2EC8-4F9F-8AFD-15095589017C}.Release|Any CPU.ActiveCfg = Release|Any CPU
		{BEB71F9C-2EC8-4F9F-8AFD-15095589017C}.Release|Any CPU.Build.0 = Release|Any CPU
	EndGlobalSection
	GlobalSection(SolutionProperties) = preSolution
		HideSolutionNode = FALSE
	EndGlobalSection
	GlobalSection(ExtensibilityGlobals) = postSolution
		SolutionGuid = {9F02DD30-6E80-4083-9DC2-DDB6CC718FCE}
	EndGlobalSection
EndGlobal
